
Microsoft Visual Studio Solution File, Format Version 12.00
# Visual Studio 15
VisualStudioVersion = 15.0.28307.902
MinimumVisualStudioVersion = 10.0.40219.1
Project("{FAE04EC0-301F-11D3-BF4B-00C04F79EFBC}") = "SampleApplication", "SampleApplication\SampleApplication.csproj", "{B09AFE80-2716-44E3-823F-B2269AAB6F13}"
EndProject
Global
	GlobalSection(SolutionConfigurationPlatforms) = preSolution
		Debug|Any CPU = Debug|Any CPU
		Release|Any CPU = Release|Any CPU
	EndGlobalSection
	GlobalSection(ProjectConfigurationPlatforms) = postSolution
		{B09AFE80-2716-44E3-823F-B2269AAB6F13}.Debug|Any CPU.ActiveCfg = Debug|Any CPU
		{B09AFE80-2716-44E3-823F-B2269AAB6F13}.Debug|Any CPU.Build.0 = Debug|Any CPU
		{B09AFE80-2716-44E3-823F-B2269AAB6F13}.Release|Any CPU.ActiveCfg = Release|Any CPU
		{B09AFE80-2716-44E3-823F-B2269AAB6F13}.Release|Any CPU.Build.0 = Release|Any CPU
	EndGlobalSection
	GlobalSection(SolutionProperties) = preSolution
		HideSolutionNode = FALSE
	EndGlobalSection
	GlobalSection(ExtensibilityGlobals) = postSolution
		SolutionGuid = {EB8F007E-BD62-4A35-B245-F7317EF90BC1}
	EndGlobalSection
EndGlobal
